
Microsoft Visual Studio Solution File, Format Version 12.00
# Visual Studio Version 16
VisualStudioVersion = 16.0.30225.117
MinimumVisualStudioVersion = 10.0.40219.1
Project("{8BC9CEB8-8B4A-11D0-8D11-00A0C91BC942}") = "GLFW", "GLFW\GLFW.vcxproj", "{610D3BDC-B016-46EC-BE37-33C01D9E35C1}"
EndProject
Project("{8BC9CEB8-8B4A-11D0-8D11-00A0C91BC942}") = "Engine", "Engine\Engine.vcxproj", "{D30358BD-FCA3-46AC-A890-A7C59DA116D0}"
	ProjectSection(ProjectDependencies) = postProject
		{FFBD871A-125B-4E54-9800-1DD264DFEDF2} = {FFBD871A-125B-4E54-9800-1DD264DFEDF2}
		{DC64591D-14A3-4340-8D4F-D2981652B068} = {DC64591D-14A3-4340-8D4F-D2981652B068}
		{8E337736-9267-4A11-9841-6C8B688F88B1} = {8E337736-9267-4A11-9841-6C8B688F88B1}
		{71A6BC72-424A-4501-AD4B-F68ADAA2D7AF} = {71A6BC72-424A-4501-AD4B-F68ADAA2D7AF}
		{12C1A6B4-503E-4787-964B-98B4C386C6C0} = {12C1A6B4-503E-4787-964B-98B4C386C6C0}
		{2F4801DA-0A55-47A6-BD9A-6B810E2FAB5D} = {2F4801DA-0A55-47A6-BD9A-6B810E2FAB5D}
		{610D3BDC-B016-46EC-BE37-33C01D9E35C1} = {610D3BDC-B016-46EC-BE37-33C01D9E35C1}
		{143FF5F3-4CB7-448E-A748-26AB3EF8E353} = {143FF5F3-4CB7-448E-A748-26AB3EF8E353}
	EndProjectSection
EndProject
Project("{9A19103F-16F7-4668-BE54-9A1E7A4F7556}") = "EngineInterop", "EngineInterop\EngineInterop.csproj", "{39FFFAD5-14AA-4F28-88A7-7BB1CF7E0E3A}"
EndProject
Project("{8BC9CEB8-8B4A-11D0-8D11-00A0C91BC942}") = "GLEW", "GLEW\GLEW.vcxproj", "{71A6BC72-424A-4501-AD4B-F68ADAA2D7AF}"
EndProject
Project("{8BC9CEB8-8B4A-11D0-8D11-00A0C91BC942}") = "GLM", "GLM\GLM.vcxproj", "{FFBD871A-125B-4E54-9800-1DD264DFEDF2}"
EndProject
Project("{8BC9CEB8-8B4A-11D0-8D11-00A0C91BC942}") = "ImGui", "ImGui\ImGui.vcxproj", "{8E337736-9267-4A11-9841-6C8B688F88B1}"
	ProjectSection(ProjectDependencies) = postProject
		{71A6BC72-424A-4501-AD4B-F68ADAA2D7AF} = {71A6BC72-424A-4501-AD4B-F68ADAA2D7AF}
		{610D3BDC-B016-46EC-BE37-33C01D9E35C1} = {610D3BDC-B016-46EC-BE37-33C01D9E35C1}
	EndProjectSection
EndProject
Project("{8BC9CEB8-8B4A-11D0-8D11-00A0C91BC942}") = "Editor", "Editor\Editor.vcxproj", "{BD85F88F-2346-4B25-B274-569786243976}"
	ProjectSection(ProjectDependencies) = postProject
		{E9876242-F112-4656-B096-4B60651049EA} = {E9876242-F112-4656-B096-4B60651049EA}
		{F31941B3-BE73-406F-BD5E-981BB9617CE6} = {F31941B3-BE73-406F-BD5E-981BB9617CE6}
		{D30358BD-FCA3-46AC-A890-A7C59DA116D0} = {D30358BD-FCA3-46AC-A890-A7C59DA116D0}
	EndProjectSection
EndProject
Project("{8BC9CEB8-8B4A-11D0-8D11-00A0C91BC942}") = "STB", "STB\STB.vcxproj", "{12C1A6B4-503E-4787-964B-98B4C386C6C0}"
EndProject
Project("{8BC9CEB8-8B4A-11D0-8D11-00A0C91BC942}") = "Assimp", "Assimp\Assimp.vcxproj", "{143FF5F3-4CB7-448E-A748-26AB3EF8E353}"
EndProject
Project("{8BC9CEB8-8B4A-11D0-8D11-00A0C91BC942}") = "EnTT", "EnTT\EnTT.vcxproj", "{DC64591D-14A3-4340-8D4F-D2981652B068}"
EndProject
Project("{2150E333-8FDC-42A3-9474-1A3956D46DE8}") = "Deps", "Deps", "{7D1E1666-C225-41F2-9657-E52905E1D55B}"
EndProject
Project("{8BC9CEB8-8B4A-11D0-8D11-00A0C91BC942}") = "AngelScript", "AngelScript\AngelScript.vcxproj", "{2F4801DA-0A55-47A6-BD9A-6B810E2FAB5D}"
EndProject
Project("{8BC9CEB8-8B4A-11D0-8D11-00A0C91BC942}") = "IconFontCppHeaders", "IconFontCppHeaders\IconFontCppHeaders.vcxproj", "{DA6AA7C8-B186-424E-B96D-731BFE863162}"
EndProject
Project("{8BC9CEB8-8B4A-11D0-8D11-00A0C91BC942}") = "TinyFD", "TinyFD\TinyFD.vcxproj", "{E9876242-F112-4656-B096-4B60651049EA}"
EndProject
Project("{54435603-DBB4-11D2-8724-00A0C9A8B90C}") = "Installer", "Installer\Installer.vdproj", "{7399EA74-8C11-47F2-9DCC-5BC66A6422ED}"
EndProject
Project("{930C7802-8A8C-48F9-8165-68863BCCD9DD}") = "InstallerWiX", "InstallerWiX\InstallerWiX.wixproj", "{48C9BBF6-7708-48A1-9475-B5EAFF070DCA}"
EndProject
Project("{2150E333-8FDC-42A3-9474-1A3956D46DE8}") = "Solution Items", "Solution Items", "{7B5BF7C9-FB96-407A-AB57-737BA52F3065}"
	ProjectSection(SolutionItems) = preProject
		.editorconfig = .editorconfig
	EndProjectSection
EndProject
Project("{8BC9CEB8-8B4A-11D0-8D11-00A0C91BC942}") = "YAML-CPP", "YAML-CPP\YAML-CPP.vcxproj", "{F31941B3-BE73-406F-BD5E-981BB9617CE6}"
EndProject
Global
	GlobalSection(SolutionConfigurationPlatforms) = preSolution
		Debug|Any CPU = Debug|Any CPU
		Debug|x64 = Debug|x64
		Debug|x86 = Debug|x86
		Release|Any CPU = Release|Any CPU
		Release|x64 = Release|x64
		Release|x86 = Release|x86
	EndGlobalSection
	GlobalSection(ProjectConfigurationPlatforms) = postSolution
		{610D3BDC-B016-46EC-BE37-33C01D9E35C1}.Debug|Any CPU.ActiveCfg = Debug|x64
		{610D3BDC-B016-46EC-BE37-33C01D9E35C1}.Debug|Any CPU.Build.0 = Debug|x64
		{610D3BDC-B016-46EC-BE37-33C01D9E35C1}.Debug|x64.ActiveCfg = Debug|x64
		{610D3BDC-B016-46EC-BE37-33C01D9E35C1}.Debug|x64.Build.0 = Debug|x64
		{610D3BDC-B016-46EC-BE37-33C01D9E35C1}.Debug|x86.ActiveCfg = Debug|x64
		{610D3BDC-B016-46EC-BE37-33C01D9E35C1}.Release|Any CPU.ActiveCfg = Release|x64
		{610D3BDC-B016-46EC-BE37-33C01D9E35C1}.Release|Any CPU.Build.0 = Release|x64
		{610D3BDC-B016-46EC-BE37-33C01D9E35C1}.Release|x64.ActiveCfg = Release|x64
		{610D3BDC-B016-46EC-BE37-33C01D9E35C1}.Release|x64.Build.0 = Release|x64
		{610D3BDC-B016-46EC-BE37-33C01D9E35C1}.Release|x86.ActiveCfg = Release|x64
		{D30358BD-FCA3-46AC-A890-A7C59DA116D0}.Debug|Any CPU.ActiveCfg = Debug|x64
		{D30358BD-FCA3-46AC-A890-A7C59DA116D0}.Debug|Any CPU.Build.0 = Debug|x64
		{D30358BD-FCA3-46AC-A890-A7C59DA116D0}.Debug|x64.ActiveCfg = Debug|x64
		{D30358BD-FCA3-46AC-A890-A7C59DA116D0}.Debug|x64.Build.0 = Debug|x64
		{D30358BD-FCA3-46AC-A890-A7C59DA116D0}.Debug|x86.ActiveCfg = Debug|x64
		{D30358BD-FCA3-46AC-A890-A7C59DA116D0}.Release|Any CPU.ActiveCfg = Release|x64
		{D30358BD-FCA3-46AC-A890-A7C59DA116D0}.Release|Any CPU.Build.0 = Release|x64
		{D30358BD-FCA3-46AC-A890-A7C59DA116D0}.Release|x64.ActiveCfg = Release|x64
		{D30358BD-FCA3-46AC-A890-A7C59DA116D0}.Release|x64.Build.0 = Release|x64
		{D30358BD-FCA3-46AC-A890-A7C59DA116D0}.Release|x86.ActiveCfg = Release|x64
		{39FFFAD5-14AA-4F28-88A7-7BB1CF7E0E3A}.Debug|Any CPU.ActiveCfg = Debug|Any CPU
		{39FFFAD5-14AA-4F28-88A7-7BB1CF7E0E3A}.Debug|Any CPU.Build.0 = Debug|Any CPU
		{39FFFAD5-14AA-4F28-88A7-7BB1CF7E0E3A}.Debug|x64.ActiveCfg = Debug|Any CPU
		{39FFFAD5-14AA-4F28-88A7-7BB1CF7E0E3A}.Debug|x64.Build.0 = Debug|Any CPU
		{39FFFAD5-14AA-4F28-88A7-7BB1CF7E0E3A}.Debug|x86.ActiveCfg = Debug|Any CPU
		{39FFFAD5-14AA-4F28-88A7-7BB1CF7E0E3A}.Debug|x86.Build.0 = Debug|Any CPU
		{39FFFAD5-14AA-4F28-88A7-7BB1CF7E0E3A}.Release|Any CPU.ActiveCfg = Release|Any CPU
		{39FFFAD5-14AA-4F28-88A7-7BB1CF7E0E3A}.Release|Any CPU.Build.0 = Release|Any CPU
		{39FFFAD5-14AA-4F28-88A7-7BB1CF7E0E3A}.Release|x64.ActiveCfg = Release|Any CPU
		{39FFFAD5-14AA-4F28-88A7-7BB1CF7E0E3A}.Release|x64.Build.0 = Release|Any CPU
		{39FFFAD5-14AA-4F28-88A7-7BB1CF7E0E3A}.Release|x86.ActiveCfg = Release|Any CPU
		{39FFFAD5-14AA-4F28-88A7-7BB1CF7E0E3A}.Release|x86.Build.0 = Release|Any CPU
		{71A6BC72-424A-4501-AD4B-F68ADAA2D7AF}.Debug|Any CPU.ActiveCfg = Debug|x64
		{71A6BC72-424A-4501-AD4B-F68ADAA2D7AF}.Debug|Any CPU.Build.0 = Debug|x64
		{71A6BC72-424A-4501-AD4B-F68ADAA2D7AF}.Debug|x64.ActiveCfg = Debug|x64
		{71A6BC72-424A-4501-AD4B-F68ADAA2D7AF}.Debug|x64.Build.0 = Debug|x64
		{71A6BC72-424A-4501-AD4B-F68ADAA2D7AF}.Debug|x86.ActiveCfg = Debug|x64
		{71A6BC72-424A-4501-AD4B-F68ADAA2D7AF}.Release|Any CPU.ActiveCfg = Release|x64
		{71A6BC72-424A-4501-AD4B-F68ADAA2D7AF}.Release|Any CPU.Build.0 = Release|x64
		{71A6BC72-424A-4501-AD4B-F68ADAA2D7AF}.Release|x64.ActiveCfg = Release|x64
		{71A6BC72-424A-4501-AD4B-F68ADAA2D7AF}.Release|x64.Build.0 = Release|x64
		{71A6BC72-424A-4501-AD4B-F68ADAA2D7AF}.Release|x86.ActiveCfg = Release|x64
		{FFBD871A-125B-4E54-9800-1DD264DFEDF2}.Debug|Any CPU.ActiveCfg = Debug|x64
		{FFBD871A-125B-4E54-9800-1DD264DFEDF2}.Debug|Any CPU.Build.0 = Debug|x64
		{FFBD871A-125B-4E54-9800-1DD264DFEDF2}.Debug|x64.ActiveCfg = Debug|x64
		{FFBD871A-125B-4E54-9800-1DD264DFEDF2}.Debug|x64.Build.0 = Debug|x64
		{FFBD871A-125B-4E54-9800-1DD264DFEDF2}.Debug|x86.ActiveCfg = Debug|x64
		{FFBD871A-125B-4E54-9800-1DD264DFEDF2}.Release|Any CPU.ActiveCfg = Release|x64
		{FFBD871A-125B-4E54-9800-1DD264DFEDF2}.Release|Any CPU.Build.0 = Release|x64
		{FFBD871A-125B-4E54-9800-1DD264DFEDF2}.Release|x64.ActiveCfg = Release|x64
		{FFBD871A-125B-4E54-9800-1DD264DFEDF2}.Release|x64.Build.0 = Release|x64
		{FFBD871A-125B-4E54-9800-1DD264DFEDF2}.Release|x86.ActiveCfg = Release|x64
		{8E337736-9267-4A11-9841-6C8B688F88B1}.Debug|Any CPU.ActiveCfg = Debug|x64
		{8E337736-9267-4A11-9841-6C8B688F88B1}.Debug|Any CPU.Build.0 = Debug|x64
		{8E337736-9267-4A11-9841-6C8B688F88B1}.Debug|x64.ActiveCfg = Debug|x64
		{8E337736-9267-4A11-9841-6C8B688F88B1}.Debug|x64.Build.0 = Debug|x64
		{8E337736-9267-4A11-9841-6C8B688F88B1}.Debug|x86.ActiveCfg = Debug|x64
		{8E337736-9267-4A11-9841-6C8B688F88B1}.Release|Any CPU.ActiveCfg = Release|x64
		{8E337736-9267-4A11-9841-6C8B688F88B1}.Release|Any CPU.Build.0 = Release|x64
		{8E337736-9267-4A11-9841-6C8B688F88B1}.Release|x64.ActiveCfg = Release|x64
		{8E337736-9267-4A11-9841-6C8B688F88B1}.Release|x64.Build.0 = Release|x64
		{8E337736-9267-4A11-9841-6C8B688F88B1}.Release|x86.ActiveCfg = Release|x64
		{BD85F88F-2346-4B25-B274-569786243976}.Debug|Any CPU.ActiveCfg = Debug|x64
		{BD85F88F-2346-4B25-B274-569786243976}.Debug|Any CPU.Build.0 = Debug|x64
		{BD85F88F-2346-4B25-B274-569786243976}.Debug|x64.ActiveCfg = Debug|x64
		{BD85F88F-2346-4B25-B274-569786243976}.Debug|x64.Build.0 = Debug|x64
		{BD85F88F-2346-4B25-B274-569786243976}.Debug|x86.ActiveCfg = Debug|x64
		{BD85F88F-2346-4B25-B274-569786243976}.Release|Any CPU.ActiveCfg = Release|x64
		{BD85F88F-2346-4B25-B274-569786243976}.Release|Any CPU.Build.0 = Release|x64
		{BD85F88F-2346-4B25-B274-569786243976}.Release|x64.ActiveCfg = Release|x64
		{BD85F88F-2346-4B25-B274-569786243976}.Release|x64.Build.0 = Release|x64
		{BD85F88F-2346-4B25-B274-569786243976}.Release|x86.ActiveCfg = Release|x64
		{12C1A6B4-503E-4787-964B-98B4C386C6C0}.Debug|Any CPU.ActiveCfg = Debug|x64
		{12C1A6B4-503E-4787-964B-98B4C386C6C0}.Debug|Any CPU.Build.0 = Debug|x64
		{12C1A6B4-503E-4787-964B-98B4C386C6C0}.Debug|x64.ActiveCfg = Debug|x64
		{12C1A6B4-503E-4787-964B-98B4C386C6C0}.Debug|x64.Build.0 = Debug|x64
		{12C1A6B4-503E-4787-964B-98B4C386C6C0}.Debug|x86.ActiveCfg = Debug|x64
		{12C1A6B4-503E-4787-964B-98B4C386C6C0}.Release|Any CPU.ActiveCfg = Release|x64
		{12C1A6B4-503E-4787-964B-98B4C386C6C0}.Release|Any CPU.Build.0 = Release|x64
		{12C1A6B4-503E-4787-964B-98B4C386C6C0}.Release|x64.ActiveCfg = Release|x64
		{12C1A6B4-503E-4787-964B-98B4C386C6C0}.Release|x64.Build.0 = Release|x64
		{12C1A6B4-503E-4787-964B-98B4C386C6C0}.Release|x86.ActiveCfg = Release|x64
		{143FF5F3-4CB7-448E-A748-26AB3EF8E353}.Debug|Any CPU.ActiveCfg = Debug|x64
		{143FF5F3-4CB7-448E-A748-26AB3EF8E353}.Debug|Any CPU.Build.0 = Debug|x64
		{143FF5F3-4CB7-448E-A748-26AB3EF8E353}.Debug|x64.ActiveCfg = Debug|x64
		{143FF5F3-4CB7-448E-A748-26AB3EF8E353}.Debug|x64.Build.0 = Debug|x64
		{143FF5F3-4CB7-448E-A748-26AB3EF8E353}.Debug|x86.ActiveCfg = Debug|x64
		{143FF5F3-4CB7-448E-A748-26AB3EF8E353}.Release|Any CPU.ActiveCfg = Release|x64
		{143FF5F3-4CB7-448E-A748-26AB3EF8E353}.Release|Any CPU.Build.0 = Release|x64
		{143FF5F3-4CB7-448E-A748-26AB3EF8E353}.Release|x64.ActiveCfg = Release|x64
		{143FF5F3-4CB7-448E-A748-26AB3EF8E353}.Release|x64.Build.0 = Release|x64
		{143FF5F3-4CB7-448E-A748-26AB3EF8E353}.Release|x86.ActiveCfg = Release|x64
		{DC64591D-14A3-4340-8D4F-D2981652B068}.Debug|Any CPU.ActiveCfg = Debug|x64
		{DC64591D-14A3-4340-8D4F-D2981652B068}.Debug|Any CPU.Build.0 = Debug|x64
		{DC64591D-14A3-4340-8D4F-D2981652B068}.Debug|x64.ActiveCfg = Debug|x64
		{DC64591D-14A3-4340-8D4F-D2981652B068}.Debug|x64.Build.0 = Debug|x64
		{DC64591D-14A3-4340-8D4F-D2981652B068}.Debug|x86.ActiveCfg = Debug|x64
		{DC64591D-14A3-4340-8D4F-D2981652B068}.Release|Any CPU.ActiveCfg = Release|x64
		{DC64591D-14A3-4340-8D4F-D2981652B068}.Release|Any CPU.Build.0 = Release|x64
		{DC64591D-14A3-4340-8D4F-D2981652B068}.Release|x64.ActiveCfg = Release|x64
		{DC64591D-14A3-4340-8D4F-D2981652B068}.Release|x64.Build.0 = Release|x64
		{DC64591D-14A3-4340-8D4F-D2981652B068}.Release|x86.ActiveCfg = Release|x64
		{2F4801DA-0A55-47A6-BD9A-6B810E2FAB5D}.Debug|Any CPU.ActiveCfg = Debug|x64
		{2F4801DA-0A55-47A6-BD9A-6B810E2FAB5D}.Debug|Any CPU.Build.0 = Debug|x64
		{2F4801DA-0A55-47A6-BD9A-6B810E2FAB5D}.Debug|x64.ActiveCfg = Debug|x64
		{2F4801DA-0A55-47A6-BD9A-6B810E2FAB5D}.Debug|x64.Build.0 = Debug|x64
		{2F4801DA-0A55-47A6-BD9A-6B810E2FAB5D}.Debug|x86.ActiveCfg = Debug|x64
		{2F4801DA-0A55-47A6-BD9A-6B810E2FAB5D}.Release|Any CPU.ActiveCfg = Release|x64
		{2F4801DA-0A55-47A6-BD9A-6B810E2FAB5D}.Release|Any CPU.Build.0 = Release|x64
		{2F4801DA-0A55-47A6-BD9A-6B810E2FAB5D}.Release|x64.ActiveCfg = Release|x64
		{2F4801DA-0A55-47A6-BD9A-6B810E2FAB5D}.Release|x64.Build.0 = Release|x64
		{2F4801DA-0A55-47A6-BD9A-6B810E2FAB5D}.Release|x86.ActiveCfg = Release|x64
		{DA6AA7C8-B186-424E-B96D-731BFE863162}.Debug|Any CPU.ActiveCfg = Debug|x64
		{DA6AA7C8-B186-424E-B96D-731BFE863162}.Debug|Any CPU.Build.0 = Debug|x64
		{DA6AA7C8-B186-424E-B96D-731BFE863162}.Debug|x64.ActiveCfg = Debug|x64
		{DA6AA7C8-B186-424E-B96D-731BFE863162}.Debug|x64.Build.0 = Debug|x64
		{DA6AA7C8-B186-424E-B96D-731BFE863162}.Debug|x86.ActiveCfg = Debug|x64
		{DA6AA7C8-B186-424E-B96D-731BFE863162}.Release|Any CPU.ActiveCfg = Release|x64
		{DA6AA7C8-B186-424E-B96D-731BFE863162}.Release|Any CPU.Build.0 = Release|x64
		{DA6AA7C8-B186-424E-B96D-731BFE863162}.Release|x64.ActiveCfg = Release|x64
		{DA6AA7C8-B186-424E-B96D-731BFE863162}.Release|x64.Build.0 = Release|x64
		{DA6AA7C8-B186-424E-B96D-731BFE863162}.Release|x86.ActiveCfg = Release|x64
		{E9876242-F112-4656-B096-4B60651049EA}.Debug|Any CPU.ActiveCfg = Debug|x64
		{E9876242-F112-4656-B096-4B60651049EA}.Debug|Any CPU.Build.0 = Debug|x64
		{E9876242-F112-4656-B096-4B60651049EA}.Debug|x64.ActiveCfg = Debug|x64
		{E9876242-F112-4656-B096-4B60651049EA}.Debug|x64.Build.0 = Debug|x64
		{E9876242-F112-4656-B096-4B60651049EA}.Debug|x86.ActiveCfg = Debug|x64
		{E9876242-F112-4656-B096-4B60651049EA}.Release|Any CPU.ActiveCfg = Release|x64
		{E9876242-F112-4656-B096-4B60651049EA}.Release|Any CPU.Build.0 = Release|x64
		{E9876242-F112-4656-B096-4B60651049EA}.Release|x64.ActiveCfg = Release|x64
		{E9876242-F112-4656-B096-4B60651049EA}.Release|x64.Build.0 = Release|x64
		{E9876242-F112-4656-B096-4B60651049EA}.Release|x86.ActiveCfg = Release|x64
		{7399EA74-8C11-47F2-9DCC-5BC66A6422ED}.Debug|Any CPU.ActiveCfg = Debug
		{7399EA74-8C11-47F2-9DCC-5BC66A6422ED}.Debug|x64.ActiveCfg = Debug
		{7399EA74-8C11-47F2-9DCC-5BC66A6422ED}.Debug|x64.Build.0 = Debug
		{7399EA74-8C11-47F2-9DCC-5BC66A6422ED}.Debug|x86.ActiveCfg = Debug
		{7399EA74-8C11-47F2-9DCC-5BC66A6422ED}.Debug|x86.Build.0 = Debug
		{7399EA74-8C11-47F2-9DCC-5BC66A6422ED}.Release|Any CPU.ActiveCfg = Release
		{7399EA74-8C11-47F2-9DCC-5BC66A6422ED}.Release|x64.ActiveCfg = Release
		{7399EA74-8C11-47F2-9DCC-5BC66A6422ED}.Release|x64.Build.0 = Release
		{7399EA74-8C11-47F2-9DCC-5BC66A6422ED}.Release|x86.ActiveCfg = Release
		{7399EA74-8C11-47F2-9DCC-5BC66A6422ED}.Release|x86.Build.0 = Release
		{48C9BBF6-7708-48A1-9475-B5EAFF070DCA}.Debug|Any CPU.ActiveCfg = Debug|x86
		{48C9BBF6-7708-48A1-9475-B5EAFF070DCA}.Debug|x64.ActiveCfg = Debug|x86
		{48C9BBF6-7708-48A1-9475-B5EAFF070DCA}.Debug|x86.ActiveCfg = Debug|x86
		{48C9BBF6-7708-48A1-9475-B5EAFF070DCA}.Debug|x86.Build.0 = Debug|x86
		{48C9BBF6-7708-48A1-9475-B5EAFF070DCA}.Release|Any CPU.ActiveCfg = Release|x86
		{48C9BBF6-7708-48A1-9475-B5EAFF070DCA}.Release|x64.ActiveCfg = Release|x86
		{48C9BBF6-7708-48A1-9475-B5EAFF070DCA}.Release|x86.ActiveCfg = Release|x86
		{48C9BBF6-7708-48A1-9475-B5EAFF070DCA}.Release|x86.Build.0 = Release|x86
		{F31941B3-BE73-406F-BD5E-981BB9617CE6}.Debug|Any CPU.ActiveCfg = Debug|x64
		{F31941B3-BE73-406F-BD5E-981BB9617CE6}.Debug|x64.ActiveCfg = Debug|x64
		{F31941B3-BE73-406F-BD5E-981BB9617CE6}.Debug|x64.Build.0 = Debug|x64
		{F31941B3-BE73-406F-BD5E-981BB9617CE6}.Debug|x86.ActiveCfg = Debug|x64
		{F31941B3-BE73-406F-BD5E-981BB9617CE6}.Release|Any CPU.ActiveCfg = Release|x64
		{F31941B3-BE73-406F-BD5E-981BB9617CE6}.Release|x64.ActiveCfg = Release|x64
		{F31941B3-BE73-406F-BD5E-981BB9617CE6}.Release|x64.Build.0 = Release|x64
		{F31941B3-BE73-406F-BD5E-981BB9617CE6}.Release|x86.ActiveCfg = Release|x64
	EndGlobalSection
	GlobalSection(SolutionProperties) = preSolution
		HideSolutionNode = FALSE
	EndGlobalSection
	GlobalSection(NestedProjects) = preSolution
		{610D3BDC-B016-46EC-BE37-33C01D9E35C1} = {7D1E1666-C225-41F2-9657-E52905E1D55B}
		{71A6BC72-424A-4501-AD4B-F68ADAA2D7AF} = {7D1E1666-C225-41F2-9657-E52905E1D55B}
		{FFBD871A-125B-4E54-9800-1DD264DFEDF2} = {7D1E1666-C225-41F2-9657-E52905E1D55B}
		{8E337736-9267-4A11-9841-6C8B688F88B1} = {7D1E1666-C225-41F2-9657-E52905E1D55B}
		{12C1A6B4-503E-4787-964B-98B4C386C6C0} = {7D1E1666-C225-41F2-9657-E52905E1D55B}
		{143FF5F3-4CB7-448E-A748-26AB3EF8E353} = {7D1E1666-C225-41F2-9657-E52905E1D55B}
		{DC64591D-14A3-4340-8D4F-D2981652B068} = {7D1E1666-C225-41F2-9657-E52905E1D55B}
		{2F4801DA-0A55-47A6-BD9A-6B810E2FAB5D} = {7D1E1666-C225-41F2-9657-E52905E1D55B}
		{DA6AA7C8-B186-424E-B96D-731BFE863162} = {7D1E1666-C225-41F2-9657-E52905E1D55B}
		{E9876242-F112-4656-B096-4B60651049EA} = {7D1E1666-C225-41F2-9657-E52905E1D55B}
		{F31941B3-BE73-406F-BD5E-981BB9617CE6} = {7D1E1666-C225-41F2-9657-E52905E1D55B}
	EndGlobalSection
	GlobalSection(ExtensibilityGlobals) = postSolution
		SolutionGuid = {A38830E7-FC60-4988-8FE7-A44B1C53BF5A}
	EndGlobalSection
EndGlobal
