
Microsoft Visual Studio Solution File, Format Version 12.00
# Visual Studio 15
VisualStudioVersion = 15.0.28307.960
MinimumVisualStudioVersion = 10.0.40219.1
Project("{8BC9CEB8-8B4A-11D0-8D11-00A0C91BC942}") = "SDFont", "SDFont.vcxproj", "{B05A45C7-CC76-4475-A14A-D7AE84AD3313}"
EndProject
Global
	GlobalSection(SolutionConfigurationPlatforms) = preSolution
		Debug Standalone|x64 = Debug Standalone|x64
		Debug|x64 = Debug|x64
		Release Standalone|x64 = Release Standalone|x64
		Release|x64 = Release|x64
	EndGlobalSection
	GlobalSection(ProjectConfigurationPlatforms) = postSolution
		{B05A45C7-CC76-4475-A14A-D7AE84AD3313}.Debug Standalone|x64.ActiveCfg = Debug Standalone|x64
		{B05A45C7-CC76-4475-A14A-D7AE84AD3313}.Debug Standalone|x64.Build.0 = Debug Standalone|x64
		{B05A45C7-CC76-4475-A14A-D7AE84AD3313}.Debug|x64.ActiveCfg = Debug|x64
		{B05A45C7-CC76-4475-A14A-D7AE84AD3313}.Debug|x64.Build.0 = Debug|x64
		{B05A45C7-CC76-4475-A14A-D7AE84AD3313}.Release Standalone|x64.ActiveCfg = Release Standalone|x64
		{B05A45C7-CC76-4475-A14A-D7AE84AD3313}.Release Standalone|x64.Build.0 = Release Standalone|x64
		{B05A45C7-CC76-4475-A14A-D7AE84AD3313}.Release|x64.ActiveCfg = Release|x64
		{B05A45C7-CC76-4475-A14A-D7AE84AD3313}.Release|x64.Build.0 = Release|x64
	EndGlobalSection
	GlobalSection(SolutionProperties) = preSolution
		HideSolutionNode = FALSE
	EndGlobalSection
	GlobalSection(ExtensibilityGlobals) = postSolution
		SolutionGuid = {37DA63AA-EFCA-4F67-A3AB-BF88E5F933D2}
	EndGlobalSection
EndGlobal
