<?xml version="1.0" encoding="utf-8"?>
<Project ToolsVersion="4.0" xmlns="http://schemas.microsoft.com/developer/msbuild/2003">
  <ItemGroup>
    <Filter Include="Resource Files">
      <UniqueIdentifier>{67DA6AB6-F800-4c08-8B7A-83BB121AAD01}</UniqueIdentifier>
      <Extensions>rc;ico;cur;bmp;dlg;rc2;rct;bin;rgs;gif;jpg;jpeg;jpe;resx;tiff;tif;png;wav;mfcribbon-ms</Extensions>
    </Filter>
    <Filter Include="Core">
      <UniqueIdentifier>{dce40c83-8d7c-49be-b3d4-c73206346fe8}</UniqueIdentifier>
    </Filter>
    <Filter Include="ImGui">
      <UniqueIdentifier>{67a3651b-6690-4f93-a2b7-cb23590c01f6}</UniqueIdentifier>
    </Filter>
    <Filter Include="Renderer">
      <UniqueIdentifier>{f2a0fc05-6e3f-4b3c-aaca-8cdfa60fe107}</UniqueIdentifier>
    </Filter>
    <Filter Include="Header Files">
      <UniqueIdentifier>{93995380-89BD-4b04-88EB-625FBE52EBFB}</UniqueIdentifier>
      <Extensions>h;hh;hpp;hxx;h++;hm;inl;inc;ipp;xsd</Extensions>
    </Filter>
    <Filter Include="Log">
      <UniqueIdentifier>{d1d7c52f-18b3-47d9-bc75-a6394b5732c3}</UniqueIdentifier>
    </Filter>
    <Filter Include="Asset">
      <UniqueIdentifier>{7f6569ef-221f-4998-88ae-0f9a0633f801}</UniqueIdentifier>
    </Filter>
    <Filter Include="Asset\Script">
      <UniqueIdentifier>{a01999ce-82b7-40ce-813f-15db2b4737c3}</UniqueIdentifier>
    </Filter>
    <Filter Include="Asset\Model">
      <UniqueIdentifier>{4314fd8e-54a6-46e9-afa2-f8946191c35e}</UniqueIdentifier>
    </Filter>
    <Filter Include="Asset\Shader">
      <UniqueIdentifier>{712f9e9e-5b88-4a93-8c51-505b0d55acb5}</UniqueIdentifier>
    </Filter>
    <Filter Include="Project">
      <UniqueIdentifier>{183a45e2-9a01-44b4-800c-43be9755bba0}</UniqueIdentifier>
    </Filter>
    <Filter Include="Project\Scene">
      <UniqueIdentifier>{33f5b6d1-7cf7-49a0-be96-c6986a969f1d}</UniqueIdentifier>
    </Filter>
    <Filter Include="Project\Scene\Serialize">
      <UniqueIdentifier>{e30f8424-d248-4ec4-9c06-372a4c21ab65}</UniqueIdentifier>
    </Filter>
    <Filter Include="Asset\Manager">
      <UniqueIdentifier>{5d58f596-830d-4922-828d-a52090d2eaa0}</UniqueIdentifier>
    </Filter>
    <Filter Include="Asset\Color">
      <UniqueIdentifier>{8fca64b3-d885-4e60-86c1-076abdd8c437}</UniqueIdentifier>
    </Filter>
    <Filter Include="ECS">
      <UniqueIdentifier>{f7867c68-06fa-4724-9232-c640fb26eaca}</UniqueIdentifier>
    </Filter>
    <Filter Include="ECS\Components">
      <UniqueIdentifier>{34d6103c-fa16-49d5-9e7a-7704ebf76d4a}</UniqueIdentifier>
    </Filter>
    <Filter Include="ECS\Systems">
      <UniqueIdentifier>{929d2981-d50b-4931-908a-fbd35c51e06b}</UniqueIdentifier>
    </Filter>
    <Filter Include="ECS\Components\Script">
      <UniqueIdentifier>{727a50c3-de1f-48c7-b8f5-5f6afff1dc97}</UniqueIdentifier>
    </Filter>
    <Filter Include="ECS\Entity">
      <UniqueIdentifier>{4add9540-7c21-4c9e-83b5-8d25b8200492}</UniqueIdentifier>
    </Filter>
    <Filter Include="Project\Serialize">
      <UniqueIdentifier>{9fd92fd9-1af8-4b7f-8190-17c1b0658f9a}</UniqueIdentifier>
    </Filter>
    <Filter Include="Misc">
      <UniqueIdentifier>{d605cb33-a818-420e-a4a2-e3d54955826c}</UniqueIdentifier>
    </Filter>
    <Filter Include="Asset\Texture">
      <UniqueIdentifier>{e36699f6-a520-4163-8b1b-10a80572c5ec}</UniqueIdentifier>
    </Filter>
    <Filter Include="Asset\Texture\Serialize">
      <UniqueIdentifier>{a77e8c4c-dc09-47e5-9fb4-d43b1398564d}</UniqueIdentifier>
    </Filter>
  </ItemGroup>
  <ItemGroup>
    <ClCompile Include="Core.cpp">
      <Filter>Core</Filter>
    </ClCompile>
    <ClCompile Include="Window.cpp">
      <Filter>Core</Filter>
    </ClCompile>
    <ClCompile Include="Scene.cpp">
      <Filter>Project\Scene</Filter>
    </ClCompile>
    <ClCompile Include="Input.cpp">
      <Filter>Core</Filter>
    </ClCompile>
    <ClCompile Include="ImGuiRenderer.cpp">
      <Filter>ImGui</Filter>
    </ClCompile>
    <ClCompile Include="Renderer.cpp">
      <Filter>Renderer</Filter>
    </ClCompile>
    <ClCompile Include="OrthoCamera.cpp">
      <Filter>Project\Scene</Filter>
    </ClCompile>
    <ClCompile Include="PerspectiveCamera.cpp">
      <Filter>Project\Scene</Filter>
    </ClCompile>
    <ClCompile Include="FrameBuffer.cpp">
      <Filter>Core</Filter>
    </ClCompile>
    <ClCompile Include="Angel.cpp">
      <Filter>Asset\Script</Filter>
    </ClCompile>
    <ClCompile Include="Log.cpp">
      <Filter>Log</Filter>
    </ClCompile>
    <ClCompile Include="Texture.cpp">
      <Filter>Asset\Texture</Filter>
    </ClCompile>
    <ClCompile Include="Model.cpp">
      <Filter>Asset\Model</Filter>
    </ClCompile>
    <ClCompile Include="Mesh.cpp">
      <Filter>Asset\Model</Filter>
    </ClCompile>
    <ClCompile Include="Shader.cpp">
      <Filter>Asset\Shader</Filter>
    </ClCompile>
    <ClCompile Include="Project.cpp">
      <Filter>Project</Filter>
    </ClCompile>
    <ClCompile Include="SceneSerializer.cpp">
      <Filter>Project\Scene\Serialize</Filter>
    </ClCompile>
    <ClCompile Include="SceneDeserializer.cpp">
      <Filter>Project\Scene\Serialize</Filter>
    </ClCompile>
    <ClCompile Include="OutlineRenderer.cpp">
      <Filter>Renderer</Filter>
    </ClCompile>
    <ClCompile Include="TransformComponent.cpp">
      <Filter>ECS\Components</Filter>
    </ClCompile>
    <ClCompile Include="BehaviourComponent.cpp">
      <Filter>ECS\Components</Filter>
    </ClCompile>
    <ClCompile Include="System.cpp">
      <Filter>ECS\Systems</Filter>
    </ClCompile>
    <ClCompile Include="ScriptStorageComponent.cpp">
      <Filter>ECS\Components\Script</Filter>
    </ClCompile>
    <ClCompile Include="ScriptComponent.cpp">
      <Filter>ECS\Components\Script</Filter>
    </ClCompile>
    <ClCompile Include="IDComponent.cpp">
      <Filter>ECS\Components</Filter>
    </ClCompile>
    <ClCompile Include="Entity.cpp">
      <Filter>ECS\Entity</Filter>
    </ClCompile>
    <ClCompile Include="ParentComponent.cpp">
      <Filter>ECS\Components</Filter>
    </ClCompile>
    <ClCompile Include="ChildComponent.cpp">
      <Filter>ECS\Components</Filter>
    </ClCompile>
    <ClCompile Include="ProjectSerializer.cpp">
      <Filter>Project\Serialize</Filter>
    </ClCompile>
    <ClCompile Include="ProjectDeserializer.cpp">
      <Filter>Project\Serialize</Filter>
    </ClCompile>
    <ClCompile Include="FileNode.cpp">
      <Filter>Asset\Manager</Filter>
    </ClCompile>
    <ClCompile Include="Assets.cpp">
      <Filter>Asset</Filter>
    </ClCompile>
    <ClCompile Include="CameraComponent.cpp">
      <Filter>ECS\Components</Filter>
    </ClCompile>
    <ClCompile Include="MeshComponent.cpp">
      <Filter>ECS\Components</Filter>
    </ClCompile>
    <ClCompile Include="Asset.cpp">
      <Filter>Asset</Filter>
    </ClCompile>
    <ClCompile Include="UUID.cpp">
      <Filter>Asset</Filter>
    </ClCompile>
    <ClCompile Include="TextureDeserializer.cpp">
      <Filter>Asset\Texture\Serialize</Filter>
    </ClCompile>
    <ClCompile Include="TextureSerializer.cpp">
      <Filter>Asset\Texture\Serialize</Filter>
    </ClCompile>
  </ItemGroup>
  <ItemGroup>
    <ClInclude Include="NeoDoa.hpp">
      <Filter>Header Files</Filter>
    </ClInclude>
    <ClInclude Include="Core.hpp">
      <Filter>Core</Filter>
    </ClInclude>
    <ClInclude Include="Window.hpp">
      <Filter>Core</Filter>
    </ClInclude>
    <ClInclude Include="Scene.hpp">
      <Filter>Project\Scene</Filter>
    </ClInclude>
    <ClInclude Include="Input.hpp">
      <Filter>Core</Filter>
    </ClInclude>
    <ClInclude Include="ImGuiRenderer.hpp">
      <Filter>ImGui</Filter>
    </ClInclude>
    <ClInclude Include="ImGuiRenderCommand.hpp">
      <Filter>ImGui</Filter>
    </ClInclude>
    <ClInclude Include="Renderer.hpp">
      <Filter>Renderer</Filter>
    </ClInclude>
    <ClInclude Include="FrameBuffer.hpp">
      <Filter>Core</Filter>
    </ClInclude>
    <ClInclude Include="OrthoCamera.hpp">
      <Filter>Project\Scene</Filter>
    </ClInclude>
    <ClInclude Include="PerspectiveCamera.hpp">
      <Filter>Project\Scene</Filter>
    </ClInclude>
    <ClInclude Include="ACamera.hpp">
      <Filter>Project\Scene</Filter>
    </ClInclude>
    <ClInclude Include="Angel.hpp">
      <Filter>Asset\Script</Filter>
    </ClInclude>
    <ClInclude Include="Log.hpp">
      <Filter>Log</Filter>
    </ClInclude>
    <ClInclude Include="PropertyData.hpp">
      <Filter>Asset\Script</Filter>
    </ClInclude>
    <ClInclude Include="EnumValue.hpp">
      <Filter>Asset\Script</Filter>
    </ClInclude>
    <ClInclude Include="Texture.hpp">
      <Filter>Asset\Texture</Filter>
    </ClInclude>
    <ClInclude Include="Model.hpp">
      <Filter>Asset\Model</Filter>
    </ClInclude>
    <ClInclude Include="Mesh.hpp">
      <Filter>Asset\Model</Filter>
    </ClInclude>
    <ClInclude Include="Shader.hpp">
      <Filter>Asset\Shader</Filter>
    </ClInclude>
    <ClInclude Include="Vertex.hpp">
      <Filter>Asset\Model</Filter>
    </ClInclude>
    <ClInclude Include="FileNode.hpp">
      <Filter>Asset\Manager</Filter>
    </ClInclude>
    <ClInclude Include="Project.hpp">
      <Filter>Project</Filter>
    </ClInclude>
    <ClInclude Include="SceneSerializer.hpp">
      <Filter>Project\Scene\Serialize</Filter>
    </ClInclude>
    <ClInclude Include="SceneDeserializer.hpp">
      <Filter>Project\Scene\Serialize</Filter>
    </ClInclude>
    <ClInclude Include="OutlineRenderer.hpp">
      <Filter>Renderer</Filter>
    </ClInclude>
    <ClInclude Include="Color.hpp">
      <Filter>Asset\Color</Filter>
    </ClInclude>
    <ClInclude Include="TypedefsAndConstants.hpp">
      <Filter>Header Files</Filter>
    </ClInclude>
    <ClInclude Include="TransformComponent.hpp">
      <Filter>ECS\Components</Filter>
    </ClInclude>
    <ClInclude Include="BehaviourComponent.hpp">
      <Filter>ECS\Components</Filter>
    </ClInclude>
    <ClInclude Include="System.hpp">
      <Filter>ECS\Systems</Filter>
    </ClInclude>
    <ClInclude Include="IDComponent.hpp">
      <Filter>ECS\Components</Filter>
    </ClInclude>
    <ClInclude Include="ScriptComponent.hpp">
      <Filter>ECS\Components\Script</Filter>
    </ClInclude>
    <ClInclude Include="ScriptStorageComponent.hpp">
      <Filter>ECS\Components\Script</Filter>
    </ClInclude>
    <ClInclude Include="Entity.hpp">
      <Filter>ECS\Entity</Filter>
    </ClInclude>
    <ClInclude Include="Registry.hpp">
      <Filter>ECS</Filter>
    </ClInclude>
    <ClInclude Include="ParentComponent.hpp">
      <Filter>ECS\Components</Filter>
    </ClInclude>
    <ClInclude Include="ChildComponent.hpp">
      <Filter>ECS\Components</Filter>
    </ClInclude>
    <ClInclude Include="ScriptComponentData.hpp">
      <Filter>ECS\Components\Script</Filter>
    </ClInclude>
    <ClInclude Include="ProjectSerializer.hpp">
      <Filter>Project\Serialize</Filter>
    </ClInclude>
    <ClInclude Include="ProjectDeserializer.hpp">
      <Filter>Project\Serialize</Filter>
    </ClInclude>
    <ClInclude Include="Assets.hpp">
      <Filter>Asset</Filter>
    </ClInclude>
    <ClInclude Include="CameraComponent.hpp">
      <Filter>ECS\Components</Filter>
    </ClInclude>
    <ClInclude Include="Resolution.hpp">
      <Filter>Misc</Filter>
    </ClInclude>
    <ClInclude Include="MeshComponent.hpp">
      <Filter>ECS\Components</Filter>
    </ClInclude>
    <ClInclude Include="TypeSystem.hpp">
      <Filter>Core</Filter>
    </ClInclude>
    <ClInclude Include="Asset.hpp">
      <Filter>Asset</Filter>
    </ClInclude>
    <ClInclude Include="UUID.hpp">
      <Filter>Asset</Filter>
    </ClInclude>
    <ClInclude Include="TextureDeserializer.hpp">
      <Filter>Asset\Texture\Serialize</Filter>
    </ClInclude>
    <ClInclude Include="TextureSerializer.hpp">
      <Filter>Asset\Texture\Serialize</Filter>
    </ClInclude>
  </ItemGroup>
  <ItemGroup>
    <Text Include="Shaders\simpleFragmentShaderInstanced.frag">
      <Filter>Resource Files</Filter>
    </Text>
    <Text Include="Shaders\simpleVertexShaderInstanced.vert">
      <Filter>Resource Files</Filter>
    </Text>
    <Text Include="Shaders\mousePickVertexShader.vert">
      <Filter>Resource Files</Filter>
    </Text>
    <Text Include="Shaders\mousePickFragmentShader.frag">
      <Filter>Resource Files</Filter>
    </Text>
    <Text Include="Shaders\simpleVertexShader.vert">
      <Filter>Resource Files</Filter>
    </Text>
    <Text Include="Shaders\solidColorFragmentShader.frag">
      <Filter>Resource Files</Filter>
    </Text>
    <Text Include="Shaders\solidColorVertexShader.vert">
      <Filter>Resource Files</Filter>
    </Text>
    <Text Include="Shaders\simpleFragmentShader.frag">
      <Filter>Resource Files</Filter>
    </Text>
  </ItemGroup>
  <ItemGroup>
    <Image Include="Images\neodoalogo.png">
      <Filter>Resource Files</Filter>
    </Image>
    <Image Include="Images\missing_texture.png">
      <Filter>Resource Files</Filter>
    </Image>
    <Image Include="Images\ch.jpg">
      <Filter>Resource Files</Filter>
    </Image>
    <Image Include="Images\neodoalogo-16_x_16.png">
      <Filter>Resource Files</Filter>
    </Image>
    <Image Include="Images\neodoalogo-32_x_32.png">
      <Filter>Resource Files</Filter>
    </Image>
    <Image Include="Images\neodoalogo-48_x_48.png">
      <Filter>Resource Files</Filter>
    </Image>
    <Image Include="Images\neodoalogo-64_x_64.png">
      <Filter>Resource Files</Filter>
    </Image>
    <Image Include="Images\neodoalogo-128_x_128.png">
      <Filter>Resource Files</Filter>
    </Image>
    <Image Include="Images\neodoalogo-256_x_256.png">
      <Filter>Resource Files</Filter>
    </Image>
    <Image Include="Images\social.png">
      <Filter>Resource Files</Filter>
    </Image>
    <Image Include="Images\default_texture.png">
      <Filter>Resource Files</Filter>
    </Image>
    <Image Include="Images\default_texture_x.png">
      <Filter>Resource Files</Filter>
    </Image>
    <Image Include="Images\default_texture_y.png">
      <Filter>Resource Files</Filter>
    </Image>
    <Image Include="Images\default_texture_z.png">
      <Filter>Resource Files</Filter>
    </Image>
    <Image Include="Images\gradient_box.png">
      <Filter>Resource Files</Filter>
    </Image>
  </ItemGroup>
  <ItemGroup>
    <Font Include="Fonts\OpenSans-ExtraBoldItalic.ttf">
      <Filter>Resource Files</Filter>
    </Font>
    <Font Include="Fonts\OpenSans-Italic.ttf">
      <Filter>Resource Files</Filter>
    </Font>
    <Font Include="Fonts\OpenSans-Light.ttf">
      <Filter>Resource Files</Filter>
    </Font>
    <Font Include="Fonts\OpenSans-LightItalic.ttf">
      <Filter>Resource Files</Filter>
    </Font>
    <Font Include="Fonts\OpenSans-Regular.ttf">
      <Filter>Resource Files</Filter>
    </Font>
    <Font Include="Fonts\OpenSans-SemiBold.ttf">
      <Filter>Resource Files</Filter>
    </Font>
    <Font Include="Fonts\OpenSans-SemiBoldItalic.ttf">
      <Filter>Resource Files</Filter>
    </Font>
    <Font Include="Fonts\OpenSans-Bold.ttf">
      <Filter>Resource Files</Filter>
    </Font>
    <Font Include="Fonts\OpenSans-BoldItalic.ttf">
      <Filter>Resource Files</Filter>
    </Font>
    <Font Include="Fonts\OpenSans-ExtraBold.ttf">
      <Filter>Resource Files</Filter>
    </Font>
    <Font Include="Fonts\fa-regular-400.ttf">
      <Filter>Resource Files</Filter>
    </Font>
    <Font Include="Fonts\fa-solid-900.ttf">
      <Filter>Resource Files</Filter>
    </Font>
    <Font Include="Fonts\fa-regular-400-pro.ttf">
      <Filter>Resource Files</Filter>
    </Font>
    <Font Include="Fonts\fa-solid-900-pro.ttf">
      <Filter>Resource Files</Filter>
    </Font>
  </ItemGroup>
  <ItemGroup>
    <None Include="Models\12140_Skull_v3_L2.mtl">
      <Filter>Resource Files</Filter>
    </None>
    <None Include="Models\12140_Skull_v3_L2.obj">
      <Filter>Resource Files</Filter>
    </None>
    <None Include="Models\Christmas tree N260410.3ds">
      <Filter>Resource Files</Filter>
    </None>
    <None Include="Models\troll_yeni.fbx">
      <Filter>Resource Files</Filter>
    </None>
  </ItemGroup>
</Project>