<?xml version="1.0" encoding="utf-8"?>
<Project ToolsVersion="4.0" xmlns="http://schemas.microsoft.com/developer/msbuild/2003">
  <ItemGroup>
    <ClCompile Include="doa.cpp">
      <Filter>Source Files</Filter>
    </ClCompile>
    <ClCompile Include="DoaCamera.cpp">
      <Filter>Source Files</Filter>
    </ClCompile>
    <ClCompile Include="DoaEngine.cpp">
      <Filter>Source Files</Filter>
    </ClCompile>
    <ClCompile Include="DoaGameObject.cpp">
      <Filter>Source Files</Filter>
    </ClCompile>
    <ClCompile Include="DoaKeyboard.cpp">
      <Filter>Source Files</Filter>
    </ClCompile>
    <ClCompile Include="DoaMouse.cpp">
      <Filter>Source Files</Filter>
    </ClCompile>
    <ClCompile Include="DoaScene.cpp">
      <Filter>Source Files</Filter>
    </ClCompile>
    <ClCompile Include="DoaShaders.cpp">
      <Filter>Source Files</Filter>
    </ClCompile>
    <ClCompile Include="DoaTextures.cpp">
      <Filter>Source Files</Filter>
    </ClCompile>
    <ClCompile Include="DoaLight.cpp">
      <Filter>Source Files</Filter>
    </ClCompile>
    <ClCompile Include="DoaAnimations.cpp">
      <Filter>Source Files</Filter>
    </ClCompile>
    <ClCompile Include="DoaEzRenderer.cpp">
      <Filter>Source Files</Filter>
    </ClCompile>
    <ClCompile Include="DoaPrimitive.cpp">
      <Filter>Source Files</Filter>
    </ClCompile>
    <ClCompile Include="DoaText.cpp">
      <Filter>Source Files</Filter>
    </ClCompile>
  </ItemGroup>
  <ItemGroup>
    <ClInclude Include="doa.h">
      <Filter>Header Files</Filter>
    </ClInclude>
    <ClInclude Include="DoaEngine.h">
      <Filter>Header Files</Filter>
    </ClInclude>
    <ClInclude Include="DoaGameObject.h">
      <Filter>Header Files</Filter>
    </ClInclude>
    <ClInclude Include="DoaKeyboard.h">
      <Filter>Header Files</Filter>
    </ClInclude>
    <ClInclude Include="DoaMouse.h">
      <Filter>Header Files</Filter>
    </ClInclude>
    <ClInclude Include="DoaScene.h">
      <Filter>Header Files</Filter>
    </ClInclude>
    <ClInclude Include="DoaShaders.h">
      <Filter>Header Files</Filter>
    </ClInclude>
    <ClInclude Include="DoaTextures.h">
      <Filter>Header Files</Filter>
    </ClInclude>
    <ClInclude Include="DoaLight.h">
      <Filter>Header Files</Filter>
    </ClInclude>
    <ClInclude Include="DoaCamera.h">
      <Filter>Header Files</Filter>
    </ClInclude>
    <ClInclude Include="DoaAnimations.h">
      <Filter>Header Files</Filter>
    </ClInclude>
    <ClInclude Include="DoaEzRenderer.h">
      <Filter>Header Files</Filter>
    </ClInclude>
    <ClInclude Include="DoaText.h">
      <Filter>Header Files</Filter>
    </ClInclude>
    <ClInclude Include="DoaPrimitive.h">
      <Filter>Header Files</Filter>
    </ClInclude>
  </ItemGroup>
  <ItemGroup>
    <Filter Include="Header Files">
      <UniqueIdentifier>{f7ac108f-f756-422d-b458-9364c88774fe}</UniqueIdentifier>
    </Filter>
    <Filter Include="Source Files">
      <UniqueIdentifier>{838eb8e3-5e10-4aaf-9a52-50e6069ee49d}</UniqueIdentifier>
    </Filter>
  </ItemGroup>
  <ItemGroup>
    <None Include="Engine.licenseheader" />
  </ItemGroup>
</Project>