<?xml version="1.0" encoding="utf-8"?>
<Project ToolsVersion="4.0" xmlns="http://schemas.microsoft.com/developer/msbuild/2003">
  <ItemGroup>
    <Filter Include="Source Files">
      <UniqueIdentifier>{4FC737F1-C7A5-4376-A066-2A32D752A2FF}</UniqueIdentifier>
      <Extensions>cpp;c;cc;cxx;c++;cppm;ixx;def;odl;idl;hpj;bat;asm;asmx</Extensions>
    </Filter>
    <Filter Include="Header Files">
      <UniqueIdentifier>{93995380-89BD-4b04-88EB-625FBE52EBFB}</UniqueIdentifier>
      <Extensions>h;hh;hpp;hxx;h++;hm;inl;inc;ipp;xsd</Extensions>
    </Filter>
    <Filter Include="Resource Files">
      <UniqueIdentifier>{67DA6AB6-F800-4c08-8B7A-83BB121AAD01}</UniqueIdentifier>
      <Extensions>rc;ico;cur;bmp;dlg;rc2;rct;bin;rgs;gif;jpg;jpeg;jpe;resx;tiff;tif;png;wav;mfcribbon-ms</Extensions>
    </Filter>
  </ItemGroup>
  <ItemGroup>
    <ClCompile Include="source\layoutcontext.cpp">
      <Filter>Source Files</Filter>
    </ClCompile>
    <ClCompile Include="source\lunasvg.cpp">
      <Filter>Source Files</Filter>
    </ClCompile>
    <ClCompile Include="source\markerelement.cpp">
      <Filter>Source Files</Filter>
    </ClCompile>
    <ClCompile Include="source\maskelement.cpp">
      <Filter>Source Files</Filter>
    </ClCompile>
    <ClCompile Include="source\paintelement.cpp">
      <Filter>Source Files</Filter>
    </ClCompile>
    <ClCompile Include="source\parser.cpp">
      <Filter>Source Files</Filter>
    </ClCompile>
    <ClCompile Include="source\property.cpp">
      <Filter>Source Files</Filter>
    </ClCompile>
    <ClCompile Include="source\stopelement.cpp">
      <Filter>Source Files</Filter>
    </ClCompile>
    <ClCompile Include="source\styledelement.cpp">
      <Filter>Source Files</Filter>
    </ClCompile>
    <ClCompile Include="source\styleelement.cpp">
      <Filter>Source Files</Filter>
    </ClCompile>
    <ClCompile Include="source\svgelement.cpp">
      <Filter>Source Files</Filter>
    </ClCompile>
    <ClCompile Include="source\symbolelement.cpp">
      <Filter>Source Files</Filter>
    </ClCompile>
    <ClCompile Include="source\useelement.cpp">
      <Filter>Source Files</Filter>
    </ClCompile>
    <ClCompile Include="source\canvas.cpp">
      <Filter>Source Files</Filter>
    </ClCompile>
    <ClCompile Include="source\clippathelement.cpp">
      <Filter>Source Files</Filter>
    </ClCompile>
    <ClCompile Include="source\defselement.cpp">
      <Filter>Source Files</Filter>
    </ClCompile>
    <ClCompile Include="source\element.cpp">
      <Filter>Source Files</Filter>
    </ClCompile>
    <ClCompile Include="source\gelement.cpp">
      <Filter>Source Files</Filter>
    </ClCompile>
    <ClCompile Include="source\geometryelement.cpp">
      <Filter>Source Files</Filter>
    </ClCompile>
    <ClCompile Include="source\graphicselement.cpp">
      <Filter>Source Files</Filter>
    </ClCompile>
    <ClCompile Include="3rdparty\plutovg\plutovg-rle.c">
      <Filter>Source Files</Filter>
    </ClCompile>
    <ClCompile Include="3rdparty\plutovg\plutovg.c">
      <Filter>Source Files</Filter>
    </ClCompile>
    <ClCompile Include="3rdparty\plutovg\plutovg-blend.c">
      <Filter>Source Files</Filter>
    </ClCompile>
    <ClCompile Include="3rdparty\plutovg\plutovg-dash.c">
      <Filter>Source Files</Filter>
    </ClCompile>
    <ClCompile Include="3rdparty\plutovg\plutovg-geometry.c">
      <Filter>Source Files</Filter>
    </ClCompile>
    <ClCompile Include="3rdparty\plutovg\plutovg-paint.c">
      <Filter>Source Files</Filter>
    </ClCompile>
    <ClCompile Include="3rdparty\software\sw_ft_stroker.c">
      <Filter>Source Files</Filter>
    </ClCompile>
    <ClCompile Include="3rdparty\software\sw_ft_math.c">
      <Filter>Source Files</Filter>
    </ClCompile>
    <ClCompile Include="3rdparty\software\sw_ft_raster.c">
      <Filter>Source Files</Filter>
    </ClCompile>
  </ItemGroup>
  <ItemGroup>
    <ClInclude Include="source\layoutcontext.h">
      <Filter>Header Files</Filter>
    </ClInclude>
    <ClInclude Include="source\markerelement.h">
      <Filter>Header Files</Filter>
    </ClInclude>
    <ClInclude Include="source\maskelement.h">
      <Filter>Header Files</Filter>
    </ClInclude>
    <ClInclude Include="source\paintelement.h">
      <Filter>Header Files</Filter>
    </ClInclude>
    <ClInclude Include="source\parser.h">
      <Filter>Header Files</Filter>
    </ClInclude>
    <ClInclude Include="source\parserutils.h">
      <Filter>Header Files</Filter>
    </ClInclude>
    <ClInclude Include="source\property.h">
      <Filter>Header Files</Filter>
    </ClInclude>
    <ClInclude Include="source\stopelement.h">
      <Filter>Header Files</Filter>
    </ClInclude>
    <ClInclude Include="source\styledelement.h">
      <Filter>Header Files</Filter>
    </ClInclude>
    <ClInclude Include="source\styleelement.h">
      <Filter>Header Files</Filter>
    </ClInclude>
    <ClInclude Include="source\svgelement.h">
      <Filter>Header Files</Filter>
    </ClInclude>
    <ClInclude Include="source\symbolelement.h">
      <Filter>Header Files</Filter>
    </ClInclude>
    <ClInclude Include="source\useelement.h">
      <Filter>Header Files</Filter>
    </ClInclude>
    <ClInclude Include="source\canvas.h">
      <Filter>Header Files</Filter>
    </ClInclude>
    <ClInclude Include="source\clippathelement.h">
      <Filter>Header Files</Filter>
    </ClInclude>
    <ClInclude Include="source\defselement.h">
      <Filter>Header Files</Filter>
    </ClInclude>
    <ClInclude Include="source\element.h">
      <Filter>Header Files</Filter>
    </ClInclude>
    <ClInclude Include="source\gelement.h">
      <Filter>Header Files</Filter>
    </ClInclude>
    <ClInclude Include="source\geometryelement.h">
      <Filter>Header Files</Filter>
    </ClInclude>
    <ClInclude Include="source\graphicselement.h">
      <Filter>Header Files</Filter>
    </ClInclude>
    <ClInclude Include="include\lunasvg.h">
      <Filter>Header Files</Filter>
    </ClInclude>
    <ClInclude Include="3rdparty\plutovg\plutovg-private.h">
      <Filter>Header Files</Filter>
    </ClInclude>
    <ClInclude Include="3rdparty\plutovg\plutovg.h">
      <Filter>Header Files</Filter>
    </ClInclude>
    <ClInclude Include="3rdparty\software\sw_ft_types.h">
      <Filter>Header Files</Filter>
    </ClInclude>
    <ClInclude Include="3rdparty\software\sw_ft_math.h">
      <Filter>Header Files</Filter>
    </ClInclude>
    <ClInclude Include="3rdparty\software\sw_ft_raster.h">
      <Filter>Header Files</Filter>
    </ClInclude>
    <ClInclude Include="3rdparty\software\sw_ft_stroker.h">
      <Filter>Header Files</Filter>
    </ClInclude>
  </ItemGroup>
</Project>