<?xml version="1.0" encoding="utf-8"?>
<Project ToolsVersion="4.0" xmlns="http://schemas.microsoft.com/developer/msbuild/2003">
  <ItemGroup>
    <Filter Include="Source Files">
      <UniqueIdentifier>{4FC737F1-C7A5-4376-A066-2A32D752A2FF}</UniqueIdentifier>
      <Extensions>cpp;c;cc;cxx;c++;cppm;ixx;def;odl;idl;hpj;bat;asm;asmx</Extensions>
    </Filter>
    <Filter Include="Header Files">
      <UniqueIdentifier>{93995380-89BD-4b04-88EB-625FBE52EBFB}</UniqueIdentifier>
      <Extensions>h;hh;hpp;hxx;h++;hm;inl;inc;ipp;xsd</Extensions>
    </Filter>
    <Filter Include="Header Files\node">
      <UniqueIdentifier>{28278239-53df-4104-8e1d-1b2ebeab4cf1}</UniqueIdentifier>
    </Filter>
    <Filter Include="Header Files\node\detail">
      <UniqueIdentifier>{778e8522-b078-417b-8d3f-e198eecbaabf}</UniqueIdentifier>
    </Filter>
  </ItemGroup>
  <ItemGroup>
    <ClInclude Include="yaml-cpp\node\detail\memory.h">
      <Filter>Header Files\node\detail</Filter>
    </ClInclude>
    <ClInclude Include="yaml-cpp\node\detail\node.h">
      <Filter>Header Files\node\detail</Filter>
    </ClInclude>
    <ClInclude Include="yaml-cpp\node\detail\node_data.h">
      <Filter>Header Files\node\detail</Filter>
    </ClInclude>
    <ClInclude Include="yaml-cpp\node\detail\node_iterator.h">
      <Filter>Header Files\node\detail</Filter>
    </ClInclude>
    <ClInclude Include="yaml-cpp\node\detail\node_ref.h">
      <Filter>Header Files\node\detail</Filter>
    </ClInclude>
    <ClInclude Include="yaml-cpp\node\detail\bool_type.h">
      <Filter>Header Files\node\detail</Filter>
    </ClInclude>
    <ClInclude Include="yaml-cpp\node\detail\impl.h">
      <Filter>Header Files\node\detail</Filter>
    </ClInclude>
    <ClInclude Include="yaml-cpp\node\detail\iterator.h">
      <Filter>Header Files\node\detail</Filter>
    </ClInclude>
    <ClInclude Include="yaml-cpp\node\detail\iterator_fwd.h">
      <Filter>Header Files\node\detail</Filter>
    </ClInclude>
    <ClInclude Include="yaml-cpp\node\impl.h">
      <Filter>Header Files\node</Filter>
    </ClInclude>
    <ClInclude Include="yaml-cpp\node\iterator.h">
      <Filter>Header Files\node</Filter>
    </ClInclude>
    <ClInclude Include="yaml-cpp\node\node.h">
      <Filter>Header Files\node</Filter>
    </ClInclude>
    <ClInclude Include="yaml-cpp\node\parse.h">
      <Filter>Header Files\node</Filter>
    </ClInclude>
    <ClInclude Include="yaml-cpp\node\ptr.h">
      <Filter>Header Files\node</Filter>
    </ClInclude>
    <ClInclude Include="yaml-cpp\node\type.h">
      <Filter>Header Files\node</Filter>
    </ClInclude>
    <ClInclude Include="yaml-cpp\node\convert.h">
      <Filter>Header Files\node</Filter>
    </ClInclude>
    <ClInclude Include="yaml-cpp\node\emit.h">
      <Filter>Header Files\node</Filter>
    </ClInclude>
    <ClInclude Include="yaml-cpp\binary.h">
      <Filter>Header Files</Filter>
    </ClInclude>
    <ClInclude Include="yaml-cpp\dll.h">
      <Filter>Header Files</Filter>
    </ClInclude>
    <ClInclude Include="yaml-cpp\emitfromevents.h">
      <Filter>Header Files</Filter>
    </ClInclude>
    <ClInclude Include="yaml-cpp\emitter.h">
      <Filter>Header Files</Filter>
    </ClInclude>
    <ClInclude Include="yaml-cpp\emitterdef.h">
      <Filter>Header Files</Filter>
    </ClInclude>
    <ClInclude Include="yaml-cpp\emittermanip.h">
      <Filter>Header Files</Filter>
    </ClInclude>
    <ClInclude Include="yaml-cpp\emitterstyle.h">
      <Filter>Header Files</Filter>
    </ClInclude>
    <ClInclude Include="yaml-cpp\eventhandler.h">
      <Filter>Header Files</Filter>
    </ClInclude>
    <ClInclude Include="yaml-cpp\exceptions.h">
      <Filter>Header Files</Filter>
    </ClInclude>
    <ClInclude Include="yaml-cpp\mark.h">
      <Filter>Header Files</Filter>
    </ClInclude>
    <ClInclude Include="yaml-cpp\null.h">
      <Filter>Header Files</Filter>
    </ClInclude>
    <ClInclude Include="yaml-cpp\ostream_wrapper.h">
      <Filter>Header Files</Filter>
    </ClInclude>
    <ClInclude Include="yaml-cpp\parser.h">
      <Filter>Header Files</Filter>
    </ClInclude>
    <ClInclude Include="yaml-cpp\stlemitter.h">
      <Filter>Header Files</Filter>
    </ClInclude>
    <ClInclude Include="yaml-cpp\traits.h">
      <Filter>Header Files</Filter>
    </ClInclude>
    <ClInclude Include="yaml-cpp\yaml.h">
      <Filter>Header Files</Filter>
    </ClInclude>
    <ClInclude Include="yaml-cpp\anchor.h">
      <Filter>Header Files</Filter>
    </ClInclude>
    <ClInclude Include="collectionstack.h">
      <Filter>Source Files</Filter>
    </ClInclude>
    <ClInclude Include="directives.h">
      <Filter>Source Files</Filter>
    </ClInclude>
    <ClInclude Include="emitterstate.h">
      <Filter>Source Files</Filter>
    </ClInclude>
    <ClInclude Include="emitterutils.h">
      <Filter>Source Files</Filter>
    </ClInclude>
    <ClInclude Include="exp.h">
      <Filter>Source Files</Filter>
    </ClInclude>
    <ClInclude Include="indentation.h">
      <Filter>Source Files</Filter>
    </ClInclude>
    <ClInclude Include="nodebuilder.h">
      <Filter>Source Files</Filter>
    </ClInclude>
    <ClInclude Include="nodeevents.h">
      <Filter>Source Files</Filter>
    </ClInclude>
    <ClInclude Include="ptr_vector.h">
      <Filter>Source Files</Filter>
    </ClInclude>
    <ClInclude Include="regex_yaml.h">
      <Filter>Source Files</Filter>
    </ClInclude>
    <ClInclude Include="regeximpl.h">
      <Filter>Source Files</Filter>
    </ClInclude>
    <ClInclude Include="scanner.h">
      <Filter>Source Files</Filter>
    </ClInclude>
    <ClInclude Include="scanscalar.h">
      <Filter>Source Files</Filter>
    </ClInclude>
    <ClInclude Include="scantag.h">
      <Filter>Source Files</Filter>
    </ClInclude>
    <ClInclude Include="setting.h">
      <Filter>Source Files</Filter>
    </ClInclude>
    <ClInclude Include="singledocparser.h">
      <Filter>Source Files</Filter>
    </ClInclude>
    <ClInclude Include="stream.h">
      <Filter>Source Files</Filter>
    </ClInclude>
    <ClInclude Include="streamcharsource.h">
      <Filter>Source Files</Filter>
    </ClInclude>
    <ClInclude Include="stringsource.h">
      <Filter>Source Files</Filter>
    </ClInclude>
    <ClInclude Include="tag.h">
      <Filter>Source Files</Filter>
    </ClInclude>
    <ClInclude Include="token.h">
      <Filter>Source Files</Filter>
    </ClInclude>
  </ItemGroup>
  <ItemGroup>
    <ClCompile Include="binary.cpp">
      <Filter>Source Files</Filter>
    </ClCompile>
    <ClCompile Include="convert.cpp">
      <Filter>Source Files</Filter>
    </ClCompile>
    <ClCompile Include="directives.cpp">
      <Filter>Source Files</Filter>
    </ClCompile>
    <ClCompile Include="emit.cpp">
      <Filter>Source Files</Filter>
    </ClCompile>
    <ClCompile Include="emitfromevents.cpp">
      <Filter>Source Files</Filter>
    </ClCompile>
    <ClCompile Include="emitter.cpp">
      <Filter>Source Files</Filter>
    </ClCompile>
    <ClCompile Include="emitterstate.cpp">
      <Filter>Source Files</Filter>
    </ClCompile>
    <ClCompile Include="emitterutils.cpp">
      <Filter>Source Files</Filter>
    </ClCompile>
    <ClCompile Include="exceptions.cpp">
      <Filter>Source Files</Filter>
    </ClCompile>
    <ClCompile Include="exp.cpp">
      <Filter>Source Files</Filter>
    </ClCompile>
    <ClCompile Include="memory.cpp">
      <Filter>Source Files</Filter>
    </ClCompile>
    <ClCompile Include="node.cpp">
      <Filter>Source Files</Filter>
    </ClCompile>
    <ClCompile Include="node_data.cpp">
      <Filter>Source Files</Filter>
    </ClCompile>
    <ClCompile Include="nodebuilder.cpp">
      <Filter>Source Files</Filter>
    </ClCompile>
    <ClCompile Include="nodeevents.cpp">
      <Filter>Source Files</Filter>
    </ClCompile>
    <ClCompile Include="null.cpp">
      <Filter>Source Files</Filter>
    </ClCompile>
    <ClCompile Include="ostream_wrapper.cpp">
      <Filter>Source Files</Filter>
    </ClCompile>
    <ClCompile Include="parse.cpp">
      <Filter>Source Files</Filter>
    </ClCompile>
    <ClCompile Include="parser.cpp">
      <Filter>Source Files</Filter>
    </ClCompile>
    <ClCompile Include="regex_yaml.cpp">
      <Filter>Source Files</Filter>
    </ClCompile>
    <ClCompile Include="scanner.cpp">
      <Filter>Source Files</Filter>
    </ClCompile>
    <ClCompile Include="scanscalar.cpp">
      <Filter>Source Files</Filter>
    </ClCompile>
    <ClCompile Include="scantag.cpp">
      <Filter>Source Files</Filter>
    </ClCompile>
    <ClCompile Include="scantoken.cpp">
      <Filter>Source Files</Filter>
    </ClCompile>
    <ClCompile Include="simplekey.cpp">
      <Filter>Source Files</Filter>
    </ClCompile>
    <ClCompile Include="singledocparser.cpp">
      <Filter>Source Files</Filter>
    </ClCompile>
    <ClCompile Include="stream.cpp">
      <Filter>Source Files</Filter>
    </ClCompile>
    <ClCompile Include="tag.cpp">
      <Filter>Source Files</Filter>
    </ClCompile>
  </ItemGroup>
</Project>