<?xml version="1.0" encoding="utf-8"?>
<Project ToolsVersion="4.0" xmlns="http://schemas.microsoft.com/developer/msbuild/2003">
  <ItemGroup>
    <Filter Include="Header Files">
      <UniqueIdentifier>{93995380-89BD-4b04-88EB-625FBE52EBFB}</UniqueIdentifier>
      <Extensions>h;hh;hpp;hxx;h++;hm;inl;inc;ipp;xsd</Extensions>
    </Filter>
  </ItemGroup>
  <ItemGroup>
    <ClInclude Include="string_map.hpp">
      <Filter>Header Files</Filter>
    </ClInclude>
    <ClInclude Include="nameof.hpp">
      <Filter>Header Files</Filter>
    </ClInclude>
    <ClInclude Include="prettify.hpp">
      <Filter>Header Files</Filter>
    </ClInclude>
    <ClInclude Include="split.hpp">
      <Filter>Header Files</Filter>
    </ClInclude>
    <ClInclude Include="TemplateUtilities.hpp">
      <Filter>Header Files</Filter>
    </ClInclude>
    <ClInclude Include="FormatBytes.hpp">
      <Filter>Header Files</Filter>
    </ClInclude>
    <ClInclude Include="ObserverPattern.hpp">
      <Filter>Header Files</Filter>
    </ClInclude>
    <ClInclude Include="defer.hpp">
      <Filter>Header Files</Filter>
    </ClInclude>
    <ClInclude Include="constexpr_concat.hpp">
      <Filter>Header Files</Filter>
    </ClInclude>
  </ItemGroup>
</Project>